
Microsoft Visual Studio Solution File, Format Version 12.00
# Visual Studio 15
VisualStudioVersion = 15.0.26430.16
MinimumVisualStudioVersion = 10.0.40219.1
Project("{FAE04EC0-301F-11D3-BF4B-00C04F79EFBC}") = "MetaDataTooling", "MetaDataTooling\MetaDataTooling.csproj", "{DA67F217-DFB1-4618-8F1E-E57E29CB7007}"
EndProject
Global
	GlobalSection(SolutionConfigurationPlatforms) = preSolution
		Debug|Any CPU = Debug|Any CPU
		Release|Any CPU = Release|Any CPU
	EndGlobalSection
	GlobalSection(ProjectConfigurationPlatforms) = postSolution
		{DA67F217-DFB1-4618-8F1E-E57E29CB7007}.Debug|Any CPU.ActiveCfg = Debug|Any CPU
		{DA67F217-DFB1-4618-8F1E-E57E29CB7007}.Debug|Any CPU.Build.0 = Debug|Any CPU
		{DA67F217-DFB1-4618-8F1E-E57E29CB7007}.Release|Any CPU.ActiveCfg = Release|Any CPU
		{DA67F217-DFB1-4618-8F1E-E57E29CB7007}.Release|Any CPU.Build.0 = Release|Any CPU
	EndGlobalSection
	GlobalSection(SolutionProperties) = preSolution
		HideSolutionNode = FALSE
	EndGlobalSection
EndGlobal
